
Microsoft Visual Studio Solution File, Format Version 12.00
# Visual Studio Version 16
VisualStudioVersion = 16.0.32413.511
MinimumVisualStudioVersion = 10.0.40219.1
Project("{8BC9CEB8-8B4A-11D0-8D11-00A0C91BC942}") = "NeedForSmiw", "NeedForSmiw.vcxproj", "{C004204C-8AF2-4899-AE22-FD589175404A}"
EndProject
Global
	GlobalSection(SolutionConfigurationPlatforms) = preSolution
		Debug|x64 = Debug|x64
		Debug|x86 = Debug|x86
		Release|x64 = Release|x64
		Release|x86 = Release|x86
	EndGlobalSection
	GlobalSection(ProjectConfigurationPlatforms) = postSolution
		{C004204C-8AF2-4899-AE22-FD589175404A}.Debug|x64.ActiveCfg = Debug|x64
		{C004204C-8AF2-4899-AE22-FD589175404A}.Debug|x64.Build.0 = Debug|x64
		{C004204C-8AF2-4899-AE22-FD589175404A}.Debug|x86.ActiveCfg = Debug|Win32
		{C004204C-8AF2-4899-AE22-FD589175404A}.Debug|x86.Build.0 = Debug|Win32
		{C004204C-8AF2-4899-AE22-FD589175404A}.Release|x64.ActiveCfg = Release|x64
		{C004204C-8AF2-4899-AE22-FD589175404A}.Release|x64.Build.0 = Release|x64
		{C004204C-8AF2-4899-AE22-FD589175404A}.Release|x86.ActiveCfg = Release|Win32
		{C004204C-8AF2-4899-AE22-FD589175404A}.Release|x86.Build.0 = Release|Win32
	EndGlobalSection
	GlobalSection(SolutionProperties) = preSolution
		HideSolutionNode = FALSE
	EndGlobalSection
	GlobalSection(ExtensibilityGlobals) = postSolution
		SolutionGuid = {7C29B531-AC43-4286-998A-6B5CF5CA432A}
	EndGlobalSection
EndGlobal
